
Microsoft Visual Studio Solution File, Format Version 12.00
# Visual Studio Express 15 for Windows Desktop
VisualStudioVersion = 15.0.28307.271
MinimumVisualStudioVersion = 10.0.40219.1
Project("{FAE04EC0-301F-11D3-BF4B-00C04F79EFBC}") = "FolderMaker", "FolderMaker\FolderMaker.csproj", "{7D05629B-4DC4-46D3-9DA3-311AB9B6482C}"
EndProject
Global
	GlobalSection(SolutionConfigurationPlatforms) = preSolution
		Debug|Any CPU = Debug|Any CPU
		Release|Any CPU = Release|Any CPU
	EndGlobalSection
	GlobalSection(ProjectConfigurationPlatforms) = postSolution
		{7D05629B-4DC4-46D3-9DA3-311AB9B6482C}.Debug|Any CPU.ActiveCfg = Debug|Any CPU
		{7D05629B-4DC4-46D3-9DA3-311AB9B6482C}.Debug|Any CPU.Build.0 = Debug|Any CPU
		{7D05629B-4DC4-46D3-9DA3-311AB9B6482C}.Release|Any CPU.ActiveCfg = Release|Any CPU
		{7D05629B-4DC4-46D3-9DA3-311AB9B6482C}.Release|Any CPU.Build.0 = Release|Any CPU
	EndGlobalSection
	GlobalSection(SolutionProperties) = preSolution
		HideSolutionNode = FALSE
	EndGlobalSection
	GlobalSection(ExtensibilityGlobals) = postSolution
		SolutionGuid = {0577B439-2D5E-4257-97A3-37D610D6D822}
	EndGlobalSection
EndGlobal
